
Microsoft Visual Studio Solution File, Format Version 12.00
# Visual Studio Version 17
VisualStudioVersion = 17.0.31903.59
MinimumVisualStudioVersion = 10.0.40219.1
Project("{2150E333-8FDC-42A3-9474-1A3956D46DE8}") = "src", "src", "{827E0CD3-B72D-47B6-A68D-7590B98EB39B}"
EndProject
Project("{FAE04EC0-301F-11D3-BF4B-00C04F79EFBC}") = "Rmpp.Domain", "src\Rmpp.Domain\Rmpp.Domain.csproj", "{A6036616-8D6B-43C6-93BE-5A5933072B27}"
EndProject
Project("{FAE04EC0-301F-11D3-BF4B-00C04F79EFBC}") = "Rmpp.Rendering", "src\Rmpp.Rendering\Rmpp.Rendering.csproj", "{CD7193AC-2F76-433C-8CB7-ECCB32459E53}"
EndProject
Project("{FAE04EC0-301F-11D3-BF4B-00C04F79EFBC}") = "Rmpp.Application", "src\Rmpp.Application\Rmpp.Application.csproj", "{ABFE86D4-52AB-48E9-ACCF-9F1E95C971AC}"
EndProject
Project("{FAE04EC0-301F-11D3-BF4B-00C04F79EFBC}") = "Rmpp.Infrastructure", "src\Rmpp.Infrastructure\Rmpp.Infrastructure.csproj", "{EE18E04B-7D04-4921-BE67-E8C237C1CCB6}"
EndProject
Project("{FAE04EC0-301F-11D3-BF4B-00C04F79EFBC}") = "Rmpp.Printing.Windows", "src\Rmpp.Printing.Windows\Rmpp.Printing.Windows.csproj", "{7FCA4A82-1A16-41A5-9FFD-C97BD8E4C854}"
EndProject
Project("{FAE04EC0-301F-11D3-BF4B-00C04F79EFBC}") = "Rmpp.Desktop", "src\Rmpp.Desktop\Rmpp.Desktop.csproj", "{8F85D147-F221-4C92-98DB-9D419873A6E4}"
EndProject
Project("{2150E333-8FDC-42A3-9474-1A3956D46DE8}") = "tests", "tests", "{0AB3BF05-4346-4AA6-1389-037BE0695223}"
EndProject
Project("{FAE04EC0-301F-11D3-BF4B-00C04F79EFBC}") = "Rmpp.Domain.Tests", "tests\Rmpp.Domain.Tests\Rmpp.Domain.Tests.csproj", "{1E7D2CE8-D7B9-4060-A58D-ACF04238A227}"
EndProject
Project("{FAE04EC0-301F-11D3-BF4B-00C04F79EFBC}") = "Rmpp.Rendering.Tests", "tests\Rmpp.Rendering.Tests\Rmpp.Rendering.Tests.csproj", "{0A426181-6A33-492A-9378-889167A0F23C}"
EndProject
Project("{FAE04EC0-301F-11D3-BF4B-00C04F79EFBC}") = "Rmpp.Application.Tests", "tests\Rmpp.Application.Tests\Rmpp.Application.Tests.csproj", "{1ACB08CF-FE95-46DB-B470-1D44FCBA4544}"
EndProject
Project("{FAE04EC0-301F-11D3-BF4B-00C04F79EFBC}") = "Rmpp.Infrastructure.Tests", "tests\Rmpp.Infrastructure.Tests\Rmpp.Infrastructure.Tests.csproj", "{45943D82-4D00-42D3-BC4F-B5558CF63E57}"
EndProject
Project("{FAE04EC0-301F-11D3-BF4B-00C04F79EFBC}") = "Rmpp.Printing.Windows.Tests", "tests\Rmpp.Printing.Windows.Tests\Rmpp.Printing.Windows.Tests.csproj", "{EB6089A0-B426-41F3-983A-0DC845D7834B}"
EndProject
Project("{FAE04EC0-301F-11D3-BF4B-00C04F79EFBC}") = "Rmpp.Desktop.Tests", "tests\Rmpp.Desktop.Tests\Rmpp.Desktop.Tests.csproj", "{D58F4DB7-990E-4BE9-BC40-07841CEB3C5F}"
EndProject
Global
	GlobalSection(SolutionConfigurationPlatforms) = preSolution
		Debug|Any CPU = Debug|Any CPU
		Debug|x64 = Debug|x64
		Debug|x86 = Debug|x86
		Release|Any CPU = Release|Any CPU
		Release|x64 = Release|x64
		Release|x86 = Release|x86
	EndGlobalSection
	GlobalSection(ProjectConfigurationPlatforms) = postSolution
		{A6036616-8D6B-43C6-93BE-5A5933072B27}.Debug|Any CPU.ActiveCfg = Debug|Any CPU
		{A6036616-8D6B-43C6-93BE-5A5933072B27}.Debug|Any CPU.Build.0 = Debug|Any CPU
		{A6036616-8D6B-43C6-93BE-5A5933072B27}.Debug|x64.ActiveCfg = Debug|Any CPU
		{A6036616-8D6B-43C6-93BE-5A5933072B27}.Debug|x64.Build.0 = Debug|Any CPU
		{A6036616-8D6B-43C6-93BE-5A5933072B27}.Debug|x86.ActiveCfg = Debug|Any CPU
		{A6036616-8D6B-43C6-93BE-5A5933072B27}.Debug|x86.Build.0 = Debug|Any CPU
		{A6036616-8D6B-43C6-93BE-5A5933072B27}.Release|Any CPU.ActiveCfg = Release|Any CPU
		{A6036616-8D6B-43C6-93BE-5A5933072B27}.Release|Any CPU.Build.0 = Release|Any CPU
		{A6036616-8D6B-43C6-93BE-5A5933072B27}.Release|x64.ActiveCfg = Release|Any CPU
		{A6036616-8D6B-43C6-93BE-5A5933072B27}.Release|x64.Build.0 = Release|Any CPU
		{A6036616-8D6B-43C6-93BE-5A5933072B27}.Release|x86.ActiveCfg = Release|Any CPU
		{A6036616-8D6B-43C6-93BE-5A5933072B27}.Release|x86.Build.0 = Release|Any CPU
		{CD7193AC-2F76-433C-8CB7-ECCB32459E53}.Debug|Any CPU.ActiveCfg = Debug|Any CPU
		{CD7193AC-2F76-433C-8CB7-ECCB32459E53}.Debug|Any CPU.Build.0 = Debug|Any CPU
		{CD7193AC-2F76-433C-8CB7-ECCB32459E53}.Debug|x64.ActiveCfg = Debug|Any CPU
		{CD7193AC-2F76-433C-8CB7-ECCB32459E53}.Debug|x64.Build.0 = Debug|Any CPU
		{CD7193AC-2F76-433C-8CB7-ECCB32459E53}.Debug|x86.ActiveCfg = Debug|Any CPU
		{CD7193AC-2F76-433C-8CB7-ECCB32459E53}.Debug|x86.Build.0 = Debug|Any CPU
		{CD7193AC-2F76-433C-8CB7-ECCB32459E53}.Release|Any CPU.ActiveCfg = Release|Any CPU
		{CD7193AC-2F76-433C-8CB7-ECCB32459E53}.Release|Any CPU.Build.0 = Release|Any CPU
		{CD7193AC-2F76-433C-8CB7-ECCB32459E53}.Release|x64.ActiveCfg = Release|Any CPU
		{CD7193AC-2F76-433C-8CB7-ECCB32459E53}.Release|x64.Build.0 = Release|Any CPU
		{CD7193AC-2F76-433C-8CB7-ECCB32459E53}.Release|x86.ActiveCfg = Release|Any CPU
		{CD7193AC-2F76-433C-8CB7-ECCB32459E53}.Release|x86.Build.0 = Release|Any CPU
		{ABFE86D4-52AB-48E9-ACCF-9F1E95C971AC}.Debug|Any CPU.ActiveCfg = Debug|Any CPU
		{ABFE86D4-52AB-48E9-ACCF-9F1E95C971AC}.Debug|Any CPU.Build.0 = Debug|Any CPU
		{ABFE86D4-52AB-48E9-ACCF-9F1E95C971AC}.Debug|x64.ActiveCfg = Debug|Any CPU
		{ABFE86D4-52AB-48E9-ACCF-9F1E95C971AC}.Debug|x64.Build.0 = Debug|Any CPU
		{ABFE86D4-52AB-48E9-ACCF-9F1E95C971AC}.Debug|x86.ActiveCfg = Debug|Any CPU
		{ABFE86D4-52AB-48E9-ACCF-9F1E95C971AC}.Debug|x86.Build.0 = Debug|Any CPU
		{ABFE86D4-52AB-48E9-ACCF-9F1E95C971AC}.Release|Any CPU.ActiveCfg = Release|Any CPU
		{ABFE86D4-52AB-48E9-ACCF-9F1E95C971AC}.Release|Any CPU.Build.0 = Release|Any CPU
		{ABFE86D4-52AB-48E9-ACCF-9F1E95C971AC}.Release|x64.ActiveCfg = Release|Any CPU
		{ABFE86D4-52AB-48E9-ACCF-9F1E95C971AC}.Release|x64.Build.0 = Release|Any CPU
		{ABFE86D4-52AB-48E9-ACCF-9F1E95C971AC}.Release|x86.ActiveCfg = Release|Any CPU
		{ABFE86D4-52AB-48E9-ACCF-9F1E95C971AC}.Release|x86.Build.0 = Release|Any CPU
		{EE18E04B-7D04-4921-BE67-E8C237C1CCB6}.Debug|Any CPU.ActiveCfg = Debug|Any CPU
		{EE18E04B-7D04-4921-BE67-E8C237C1CCB6}.Debug|Any CPU.Build.0 = Debug|Any CPU
		{EE18E04B-7D04-4921-BE67-E8C237C1CCB6}.Debug|x64.ActiveCfg = Debug|Any CPU
		{EE18E04B-7D04-4921-BE67-E8C237C1CCB6}.Debug|x64.Build.0 = Debug|Any CPU
		{EE18E04B-7D04-4921-BE67-E8C237C1CCB6}.Debug|x86.ActiveCfg = Debug|Any CPU
		{EE18E04B-7D04-4921-BE67-E8C237C1CCB6}.Debug|x86.Build.0 = Debug|Any CPU
		{EE18E04B-7D04-4921-BE67-E8C237C1CCB6}.Release|Any CPU.ActiveCfg = Release|Any CPU
		{EE18E04B-7D04-4921-BE67-E8C237C1CCB6}.Release|Any CPU.Build.0 = Release|Any CPU
		{EE18E04B-7D04-4921-BE67-E8C237C1CCB6}.Release|x64.ActiveCfg = Release|Any CPU
		{EE18E04B-7D04-4921-BE67-E8C237C1CCB6}.Release|x64.Build.0 = Release|Any CPU
		{EE18E04B-7D04-4921-BE67-E8C237C1CCB6}.Release|x86.ActiveCfg = Release|Any CPU
		{EE18E04B-7D04-4921-BE67-E8C237C1CCB6}.Release|x86.Build.0 = Release|Any CPU
		{7FCA4A82-1A16-41A5-9FFD-C97BD8E4C854}.Debug|Any CPU.ActiveCfg = Debug|Any CPU
		{7FCA4A82-1A16-41A5-9FFD-C97BD8E4C854}.Debug|Any CPU.Build.0 = Debug|Any CPU
		{7FCA4A82-1A16-41A5-9FFD-C97BD8E4C854}.Debug|x64.ActiveCfg = Debug|Any CPU
		{7FCA4A82-1A16-41A5-9FFD-C97BD8E4C854}.Debug|x64.Build.0 = Debug|Any CPU
		{7FCA4A82-1A16-41A5-9FFD-C97BD8E4C854}.Debug|x86.ActiveCfg = Debug|Any CPU
		{7FCA4A82-1A16-41A5-9FFD-C97BD8E4C854}.Debug|x86.Build.0 = Debug|Any CPU
		{7FCA4A82-1A16-41A5-9FFD-C97BD8E4C854}.Release|Any CPU.ActiveCfg = Release|Any CPU
		{7FCA4A82-1A16-41A5-9FFD-C97BD8E4C854}.Release|Any CPU.Build.0 = Release|Any CPU
		{7FCA4A82-1A16-41A5-9FFD-C97BD8E4C854}.Release|x64.ActiveCfg = Release|Any CPU
		{7FCA4A82-1A16-41A5-9FFD-C97BD8E4C854}.Release|x64.Build.0 = Release|Any CPU
		{7FCA4A82-1A16-41A5-9FFD-C97BD8E4C854}.Release|x86.ActiveCfg = Release|Any CPU
		{7FCA4A82-1A16-41A5-9FFD-C97BD8E4C854}.Release|x86.Build.0 = Release|Any CPU
		{8F85D147-F221-4C92-98DB-9D419873A6E4}.Debug|Any CPU.ActiveCfg = Debug|Any CPU
		{8F85D147-F221-4C92-98DB-9D419873A6E4}.Debug|Any CPU.Build.0 = Debug|Any CPU
		{8F85D147-F221-4C92-98DB-9D419873A6E4}.Debug|x64.ActiveCfg = Debug|Any CPU
		{8F85D147-F221-4C92-98DB-9D419873A6E4}.Debug|x64.Build.0 = Debug|Any CPU
		{8F85D147-F221-4C92-98DB-9D419873A6E4}.Debug|x86.ActiveCfg = Debug|Any CPU
		{8F85D147-F221-4C92-98DB-9D419873A6E4}.Debug|x86.Build.0 = Debug|Any CPU
		{8F85D147-F221-4C92-98DB-9D419873A6E4}.Release|Any CPU.ActiveCfg = Release|Any CPU
		{8F85D147-F221-4C92-98DB-9D419873A6E4}.Release|Any CPU.Build.0 = Release|Any CPU
		{8F85D147-F221-4C92-98DB-9D419873A6E4}.Release|x64.ActiveCfg = Release|Any CPU
		{8F85D147-F221-4C92-98DB-9D419873A6E4}.Release|x64.Build.0 = Release|Any CPU
		{8F85D147-F221-4C92-98DB-9D419873A6E4}.Release|x86.ActiveCfg = Release|Any CPU
		{8F85D147-F221-4C92-98DB-9D419873A6E4}.Release|x86.Build.0 = Release|Any CPU
		{1E7D2CE8-D7B9-4060-A58D-ACF04238A227}.Debug|Any CPU.ActiveCfg = Debug|Any CPU
		{1E7D2CE8-D7B9-4060-A58D-ACF04238A227}.Debug|Any CPU.Build.0 = Debug|Any CPU
		{1E7D2CE8-D7B9-4060-A58D-ACF04238A227}.Debug|x64.ActiveCfg = Debug|Any CPU
		{1E7D2CE8-D7B9-4060-A58D-ACF04238A227}.Debug|x64.Build.0 = Debug|Any CPU
		{1E7D2CE8-D7B9-4060-A58D-ACF04238A227}.Debug|x86.ActiveCfg = Debug|Any CPU
		{1E7D2CE8-D7B9-4060-A58D-ACF04238A227}.Debug|x86.Build.0 = Debug|Any CPU
		{1E7D2CE8-D7B9-4060-A58D-ACF04238A227}.Release|Any CPU.ActiveCfg = Release|Any CPU
		{1E7D2CE8-D7B9-4060-A58D-ACF04238A227}.Release|Any CPU.Build.0 = Release|Any CPU
		{1E7D2CE8-D7B9-4060-A58D-ACF04238A227}.Release|x64.ActiveCfg = Release|Any CPU
		{1E7D2CE8-D7B9-4060-A58D-ACF04238A227}.Release|x64.Build.0 = Release|Any CPU
		{1E7D2CE8-D7B9-4060-A58D-ACF04238A227}.Release|x86.ActiveCfg = Release|Any CPU
		{1E7D2CE8-D7B9-4060-A58D-ACF04238A227}.Release|x86.Build.0 = Release|Any CPU
		{0A426181-6A33-492A-9378-889167A0F23C}.Debug|Any CPU.ActiveCfg = Debug|Any CPU
		{0A426181-6A33-492A-9378-889167A0F23C}.Debug|Any CPU.Build.0 = Debug|Any CPU
		{0A426181-6A33-492A-9378-889167A0F23C}.Debug|x64.ActiveCfg = Debug|Any CPU
		{0A426181-6A33-492A-9378-889167A0F23C}.Debug|x64.Build.0 = Debug|Any CPU
		{0A426181-6A33-492A-9378-889167A0F23C}.Debug|x86.ActiveCfg = Debug|Any CPU
		{0A426181-6A33-492A-9378-889167A0F23C}.Debug|x86.Build.0 = Debug|Any CPU
		{0A426181-6A33-492A-9378-889167A0F23C}.Release|Any CPU.ActiveCfg = Release|Any CPU
		{0A426181-6A33-492A-9378-889167A0F23C}.Release|Any CPU.Build.0 = Release|Any CPU
		{0A426181-6A33-492A-9378-889167A0F23C}.Release|x64.ActiveCfg = Release|Any CPU
		{0A426181-6A33-492A-9378-889167A0F23C}.Release|x64.Build.0 = Release|Any CPU
		{0A426181-6A33-492A-9378-889167A0F23C}.Release|x86.ActiveCfg = Release|Any CPU
		{0A426181-6A33-492A-9378-889167A0F23C}.Release|x86.Build.0 = Release|Any CPU
		{1ACB08CF-FE95-46DB-B470-1D44FCBA4544}.Debug|Any CPU.ActiveCfg = Debug|Any CPU
		{1ACB08CF-FE95-46DB-B470-1D44FCBA4544}.Debug|Any CPU.Build.0 = Debug|Any CPU
		{1ACB08CF-FE95-46DB-B470-1D44FCBA4544}.Debug|x64.ActiveCfg = Debug|Any CPU
		{1ACB08CF-FE95-46DB-B470-1D44FCBA4544}.Debug|x64.Build.0 = Debug|Any CPU
		{1ACB08CF-FE95-46DB-B470-1D44FCBA4544}.Debug|x86.ActiveCfg = Debug|Any CPU
		{1ACB08CF-FE95-46DB-B470-1D44FCBA4544}.Debug|x86.Build.0 = Debug|Any CPU
		{1ACB08CF-FE95-46DB-B470-1D44FCBA4544}.Release|Any CPU.ActiveCfg = Release|Any CPU
		{1ACB08CF-FE95-46DB-B470-1D44FCBA4544}.Release|Any CPU.Build.0 = Release|Any CPU
		{1ACB08CF-FE95-46DB-B470-1D44FCBA4544}.Release|x64.ActiveCfg = Release|Any CPU
		{1ACB08CF-FE95-46DB-B470-1D44FCBA4544}.Release|x64.Build.0 = Release|Any CPU
		{1ACB08CF-FE95-46DB-B470-1D44FCBA4544}.Release|x86.ActiveCfg = Release|Any CPU
		{1ACB08CF-FE95-46DB-B470-1D44FCBA4544}.Release|x86.Build.0 = Release|Any CPU
		{45943D82-4D00-42D3-BC4F-B5558CF63E57}.Debug|Any CPU.ActiveCfg = Debug|Any CPU
		{45943D82-4D00-42D3-BC4F-B5558CF63E57}.Debug|Any CPU.Build.0 = Debug|Any CPU
		{45943D82-4D00-42D3-BC4F-B5558CF63E57}.Debug|x64.ActiveCfg = Debug|Any CPU
		{45943D82-4D00-42D3-BC4F-B5558CF63E57}.Debug|x64.Build.0 = Debug|Any CPU
		{45943D82-4D00-42D3-BC4F-B5558CF63E57}.Debug|x86.ActiveCfg = Debug|Any CPU
		{45943D82-4D00-42D3-BC4F-B5558CF63E57}.Debug|x86.Build.0 = Debug|Any CPU
		{45943D82-4D00-42D3-BC4F-B5558CF63E57}.Release|Any CPU.ActiveCfg = Release|Any CPU
		{45943D82-4D00-42D3-BC4F-B5558CF63E57}.Release|Any CPU.Build.0 = Release|Any CPU
		{45943D82-4D00-42D3-BC4F-B5558CF63E57}.Release|x64.ActiveCfg = Release|Any CPU
		{45943D82-4D00-42D3-BC4F-B5558CF63E57}.Release|x64.Build.0 = Release|Any CPU
		{45943D82-4D00-42D3-BC4F-B5558CF63E57}.Release|x86.ActiveCfg = Release|Any CPU
		{45943D82-4D00-42D3-BC4F-B5558CF63E57}.Release|x86.Build.0 = Release|Any CPU
		{EB6089A0-B426-41F3-983A-0DC845D7834B}.Debug|Any CPU.ActiveCfg = Debug|Any CPU
		{EB6089A0-B426-41F3-983A-0DC845D7834B}.Debug|Any CPU.Build.0 = Debug|Any CPU
		{EB6089A0-B426-41F3-983A-0DC845D7834B}.Debug|x64.ActiveCfg = Debug|Any CPU
		{EB6089A0-B426-41F3-983A-0DC845D7834B}.Debug|x64.Build.0 = Debug|Any CPU
		{EB6089A0-B426-41F3-983A-0DC845D7834B}.Debug|x86.ActiveCfg = Debug|Any CPU
		{EB6089A0-B426-41F3-983A-0DC845D7834B}.Debug|x86.Build.0 = Debug|Any CPU
		{EB6089A0-B426-41F3-983A-0DC845D7834B}.Release|Any CPU.ActiveCfg = Release|Any CPU
		{EB6089A0-B426-41F3-983A-0DC845D7834B}.Release|Any CPU.Build.0 = Release|Any CPU
		{EB6089A0-B426-41F3-983A-0DC845D7834B}.Release|x64.ActiveCfg = Release|Any CPU
		{EB6089A0-B426-41F3-983A-0DC845D7834B}.Release|x64.Build.0 = Release|Any CPU
		{EB6089A0-B426-41F3-983A-0DC845D7834B}.Release|x86.ActiveCfg = Release|Any CPU
		{EB6089A0-B426-41F3-983A-0DC845D7834B}.Release|x86.Build.0 = Release|Any CPU
		{D58F4DB7-990E-4BE9-BC40-07841CEB3C5F}.Debug|Any CPU.ActiveCfg = Debug|Any CPU
		{D58F4DB7-990E-4BE9-BC40-07841CEB3C5F}.Debug|Any CPU.Build.0 = Debug|Any CPU
		{D58F4DB7-990E-4BE9-BC40-07841CEB3C5F}.Debug|x64.ActiveCfg = Debug|Any CPU
		{D58F4DB7-990E-4BE9-BC40-07841CEB3C5F}.Debug|x64.Build.0 = Debug|Any CPU
		{D58F4DB7-990E-4BE9-BC40-07841CEB3C5F}.Debug|x86.ActiveCfg = Debug|Any CPU
		{D58F4DB7-990E-4BE9-BC40-07841CEB3C5F}.Debug|x86.Build.0 = Debug|Any CPU
		{D58F4DB7-990E-4BE9-BC40-07841CEB3C5F}.Release|Any CPU.ActiveCfg = Release|Any CPU
		{D58F4DB7-990E-4BE9-BC40-07841CEB3C5F}.Release|Any CPU.Build.0 = Release|Any CPU
		{D58F4DB7-990E-4BE9-BC40-07841CEB3C5F}.Release|x64.ActiveCfg = Release|Any CPU
		{D58F4DB7-990E-4BE9-BC40-07841CEB3C5F}.Release|x64.Build.0 = Release|Any CPU
		{D58F4DB7-990E-4BE9-BC40-07841CEB3C5F}.Release|x86.ActiveCfg = Release|Any CPU
		{D58F4DB7-990E-4BE9-BC40-07841CEB3C5F}.Release|x86.Build.0 = Release|Any CPU
	EndGlobalSection
	GlobalSection(SolutionProperties) = preSolution
		HideSolutionNode = FALSE
	EndGlobalSection
	GlobalSection(NestedProjects) = preSolution
		{A6036616-8D6B-43C6-93BE-5A5933072B27} = {827E0CD3-B72D-47B6-A68D-7590B98EB39B}
		{CD7193AC-2F76-433C-8CB7-ECCB32459E53} = {827E0CD3-B72D-47B6-A68D-7590B98EB39B}
		{ABFE86D4-52AB-48E9-ACCF-9F1E95C971AC} = {827E0CD3-B72D-47B6-A68D-7590B98EB39B}
		{EE18E04B-7D04-4921-BE67-E8C237C1CCB6} = {827E0CD3-B72D-47B6-A68D-7590B98EB39B}
		{7FCA4A82-1A16-41A5-9FFD-C97BD8E4C854} = {827E0CD3-B72D-47B6-A68D-7590B98EB39B}
		{8F85D147-F221-4C92-98DB-9D419873A6E4} = {827E0CD3-B72D-47B6-A68D-7590B98EB39B}
		{1E7D2CE8-D7B9-4060-A58D-ACF04238A227} = {0AB3BF05-4346-4AA6-1389-037BE0695223}
		{0A426181-6A33-492A-9378-889167A0F23C} = {0AB3BF05-4346-4AA6-1389-037BE0695223}
		{1ACB08CF-FE95-46DB-B470-1D44FCBA4544} = {0AB3BF05-4346-4AA6-1389-037BE0695223}
		{45943D82-4D00-42D3-BC4F-B5558CF63E57} = {0AB3BF05-4346-4AA6-1389-037BE0695223}
		{EB6089A0-B426-41F3-983A-0DC845D7834B} = {0AB3BF05-4346-4AA6-1389-037BE0695223}
		{D58F4DB7-990E-4BE9-BC40-07841CEB3C5F} = {0AB3BF05-4346-4AA6-1389-037BE0695223}
	EndGlobalSection
EndGlobal
